# This file is autogenerated, do not edit; changes may be undone by the next 'dep ensure'.


[[projects]]
  branch = "master"
  digest = "1:1fbcece7e684965e579c1f415c87dd1c8a83d88a9d6a17c37978df77bc07daf9"
  name = "github.com/avct/uasurfer"
  packages = ["."]
  pruneopts = ""
  revision = "dc0ec4fd1e875e7ad39d8c932a198d41dd7637d0"

[[projects]]
  digest = "1:d8ee68b91539ed3124a6800a0527b042b2b8bd7a63a86b7550daca1781a45537"
  name = "github.com/mssola/user_agent"
  packages = ["."]
  pruneopts = ""
  revision = "85b2f5798558a46fc23443c596e781712f4b7792"
  version = "v0.4.1"

[solve-meta]
  analyzer-name = "dep"
  analyzer-version = 1
  input-imports = [
    "github.com/avct/uasurfer",
    "github.com/mssola/user_agent",
  ]
  solver-name = "gps-cdcl"
  solver-version = 1
